
Microsoft Visual Studio Solution File, Format Version 12.00
Project("{FAE04EC0-301F-11D3-BF4B-00C04F79EFBC}") = "Inheritance", "Inheritance\Inheritance.csproj", "{F4E889DC-51F3-462C-A0B9-875A566D0166}"
EndProject
Project("{FAE04EC0-301F-11D3-BF4B-00C04F79EFBC}") = "polymorphism", "polymorphism\polymorphism.csproj", "{A3C4E0AC-67FC-4E94-BA0F-F865A5D491D9}"
EndProject
Project("{FAE04EC0-301F-11D3-BF4B-00C04F79EFBC}") = "Encapsulation", "Encapsulation\Encapsulation.csproj", "{93768A44-8C1C-491B-9BE6-0B8FBEBACF74}"
EndProject
Global
	GlobalSection(SolutionConfigurationPlatforms) = preSolution
		Debug|Any CPU = Debug|Any CPU
		Release|Any CPU = Release|Any CPU
	EndGlobalSection
	GlobalSection(ProjectConfigurationPlatforms) = postSolution
		{F4E889DC-51F3-462C-A0B9-875A566D0166}.Debug|Any CPU.ActiveCfg = Debug|Any CPU
		{F4E889DC-51F3-462C-A0B9-875A566D0166}.Debug|Any CPU.Build.0 = Debug|Any CPU
		{F4E889DC-51F3-462C-A0B9-875A566D0166}.Release|Any CPU.ActiveCfg = Release|Any CPU
		{F4E889DC-51F3-462C-A0B9-875A566D0166}.Release|Any CPU.Build.0 = Release|Any CPU
		{A3C4E0AC-67FC-4E94-BA0F-F865A5D491D9}.Debug|Any CPU.ActiveCfg = Debug|Any CPU
		{A3C4E0AC-67FC-4E94-BA0F-F865A5D491D9}.Debug|Any CPU.Build.0 = Debug|Any CPU
		{A3C4E0AC-67FC-4E94-BA0F-F865A5D491D9}.Release|Any CPU.ActiveCfg = Release|Any CPU
		{A3C4E0AC-67FC-4E94-BA0F-F865A5D491D9}.Release|Any CPU.Build.0 = Release|Any CPU
		{93768A44-8C1C-491B-9BE6-0B8FBEBACF74}.Debug|Any CPU.ActiveCfg = Debug|Any CPU
		{93768A44-8C1C-491B-9BE6-0B8FBEBACF74}.Debug|Any CPU.Build.0 = Debug|Any CPU
		{93768A44-8C1C-491B-9BE6-0B8FBEBACF74}.Release|Any CPU.ActiveCfg = Release|Any CPU
		{93768A44-8C1C-491B-9BE6-0B8FBEBACF74}.Release|Any CPU.Build.0 = Release|Any CPU
	EndGlobalSection
EndGlobal
